
Microsoft Visual Studio Solution File, Format Version 12.00
# Visual Studio Version 17
VisualStudioVersion = 17.2.32602.215
MinimumVisualStudioVersion = 10.0.40219.1
Project("{9A19103F-16F7-4668-BE54-9A1E7A4F7556}") = "StatusExposed", "StatusExposed\StatusExposed.csproj", "{BFD1CC80-FA24-4552-887E-DF58D06E6C50}"
EndProject
Project("{FAE04EC0-301F-11D3-BF4B-00C04F79EFBC}") = "StatusExposed.Test", "StatusExposed.Test\StatusExposed.Test.csproj", "{79920EFA-3578-451C-BCCE-7EE8F342BCB5}"
EndProject
Project("{2150E333-8FDC-42A3-9474-1A3956D46DE8}") = "Solution Items", "Solution Items", "{1A742892-CAC9-432C-9A44-4A19997C9CBD}"
	ProjectSection(SolutionItems) = preProject
		.editorconfig = .editorconfig
	EndProjectSection
EndProject
Global
	GlobalSection(SolutionConfigurationPlatforms) = preSolution
		Debug|Any CPU = Debug|Any CPU
		Release|Any CPU = Release|Any CPU
	EndGlobalSection
	GlobalSection(ProjectConfigurationPlatforms) = postSolution
		{BFD1CC80-FA24-4552-887E-DF58D06E6C50}.Debug|Any CPU.ActiveCfg = Debug|Any CPU
		{BFD1CC80-FA24-4552-887E-DF58D06E6C50}.Debug|Any CPU.Build.0 = Debug|Any CPU
		{BFD1CC80-FA24-4552-887E-DF58D06E6C50}.Release|Any CPU.ActiveCfg = Release|Any CPU
		{BFD1CC80-FA24-4552-887E-DF58D06E6C50}.Release|Any CPU.Build.0 = Release|Any CPU
		{79920EFA-3578-451C-BCCE-7EE8F342BCB5}.Debug|Any CPU.ActiveCfg = Debug|Any CPU
		{79920EFA-3578-451C-BCCE-7EE8F342BCB5}.Debug|Any CPU.Build.0 = Debug|Any CPU
		{79920EFA-3578-451C-BCCE-7EE8F342BCB5}.Release|Any CPU.ActiveCfg = Release|Any CPU
		{79920EFA-3578-451C-BCCE-7EE8F342BCB5}.Release|Any CPU.Build.0 = Release|Any CPU
	EndGlobalSection
	GlobalSection(SolutionProperties) = preSolution
		HideSolutionNode = FALSE
	EndGlobalSection
	GlobalSection(ExtensibilityGlobals) = postSolution
		SolutionGuid = {A0A80438-7703-4915-B733-FD8EC5BEDCA6}
	EndGlobalSection
EndGlobal
